
Microsoft Visual Studio Solution File, Format Version 12.00
# Visual Studio Version 17
VisualStudioVersion = 17.5.33530.505
MinimumVisualStudioVersion = 10.0.40219.1
Project("{9A19103F-16F7-4668-BE54-9A1E7A4F7556}") = "cAPParel.API", "cAPParel.API\cAPParel.API.csproj", "{8004DF61-81F6-4AED-A0E4-D029A91D7034}"
EndProject
Project("{9A19103F-16F7-4668-BE54-9A1E7A4F7556}") = "cAPParel.ConsoleClient", "cAPParel.ConsoleClient\cAPParel.ConsoleClient.csproj", "{89BB5B08-CDEF-4C14-AFC3-2F60C10FE07D}"
EndProject
Project("{9A19103F-16F7-4668-BE54-9A1E7A4F7556}") = "cAPParel.BlazorApp", "cAPParel.BlazorApp\cAPParel.BlazorApp\cAPParel.BlazorApp.csproj", "{FDE75F6F-BA89-410E-B779-ED419D4B2FC4}"
EndProject
Project("{9A19103F-16F7-4668-BE54-9A1E7A4F7556}") = "cAPParel.BlazorApp.Client", "cAPParel.BlazorApp\cAPParel.BlazorApp.Client\cAPParel.BlazorApp.Client.csproj", "{3904DF29-68AD-42BB-B18F-B8E3E3E87981}"
EndProject
Global
	GlobalSection(SolutionConfigurationPlatforms) = preSolution
		Debug|Any CPU = Debug|Any CPU
		Release|Any CPU = Release|Any CPU
	EndGlobalSection
	GlobalSection(ProjectConfigurationPlatforms) = postSolution
		{8004DF61-81F6-4AED-A0E4-D029A91D7034}.Debug|Any CPU.ActiveCfg = Debug|Any CPU
		{8004DF61-81F6-4AED-A0E4-D029A91D7034}.Debug|Any CPU.Build.0 = Debug|Any CPU
		{8004DF61-81F6-4AED-A0E4-D029A91D7034}.Release|Any CPU.ActiveCfg = Release|Any CPU
		{8004DF61-81F6-4AED-A0E4-D029A91D7034}.Release|Any CPU.Build.0 = Release|Any CPU
		{89BB5B08-CDEF-4C14-AFC3-2F60C10FE07D}.Debug|Any CPU.ActiveCfg = Debug|Any CPU
		{89BB5B08-CDEF-4C14-AFC3-2F60C10FE07D}.Debug|Any CPU.Build.0 = Debug|Any CPU
		{89BB5B08-CDEF-4C14-AFC3-2F60C10FE07D}.Release|Any CPU.ActiveCfg = Release|Any CPU
		{89BB5B08-CDEF-4C14-AFC3-2F60C10FE07D}.Release|Any CPU.Build.0 = Release|Any CPU
		{FDE75F6F-BA89-410E-B779-ED419D4B2FC4}.Debug|Any CPU.ActiveCfg = Debug|Any CPU
		{FDE75F6F-BA89-410E-B779-ED419D4B2FC4}.Debug|Any CPU.Build.0 = Debug|Any CPU
		{FDE75F6F-BA89-410E-B779-ED419D4B2FC4}.Release|Any CPU.ActiveCfg = Release|Any CPU
		{FDE75F6F-BA89-410E-B779-ED419D4B2FC4}.Release|Any CPU.Build.0 = Release|Any CPU
		{3904DF29-68AD-42BB-B18F-B8E3E3E87981}.Debug|Any CPU.ActiveCfg = Debug|Any CPU
		{3904DF29-68AD-42BB-B18F-B8E3E3E87981}.Debug|Any CPU.Build.0 = Debug|Any CPU
		{3904DF29-68AD-42BB-B18F-B8E3E3E87981}.Release|Any CPU.ActiveCfg = Release|Any CPU
		{3904DF29-68AD-42BB-B18F-B8E3E3E87981}.Release|Any CPU.Build.0 = Release|Any CPU
	EndGlobalSection
	GlobalSection(SolutionProperties) = preSolution
		HideSolutionNode = FALSE
	EndGlobalSection
	GlobalSection(ExtensibilityGlobals) = postSolution
		SolutionGuid = {B22C86CB-0629-42F1-B280-455C25FD0207}
	EndGlobalSection
EndGlobal
